{
  "R": {
    "Version": "4.6.1",
    "Repositories": [
      {
        "Name": "CRAN",
        "URL": "https://cloud.r-project.org"
      }
    ]
  },
  "Packages": {
    "MLmetrics": {
      "Package": "MLmetrics",
      "Version": "1.1.3",
      "Source": "Repository",
      "Repository": "CRAN",
      "Depends": [
        "R (>= 2.10)"
      ],
      "Imports": [
        "stats",
        "utils",
        "ROCR"
      ],
      "Suggests": [
        "e1071"
      ]
    },
    "Matrix": {
      "Package": "Matrix",
      "Version": "1.7-5",
      "Source": "Repository",
      "Depends": [
        "R (>= 4.4)",
        "methods"
      ],
      "Imports": [
        "grDevices",
        "graphics",
        "grid",
        "lattice",
        "stats",
        "utils"
      ],
      "Suggests": [
        "MASS",
        "datasets",
        "sfsmisc",
        "tools"
      ],
      "Enhances": [
        "SparseM",
        "graph"
      ],
      "Repository": "CRAN"
    },
    "R.matlab": {
      "Package": "R.matlab",
      "Version": "3.7.0",
      "Source": "Repository",
      "Repository": "CRAN",
      "Depends": [
        "R (>= 2.14.0)"
      ],
      "Imports": [
        "methods",
        "utils",
        "R.methodsS3 (>= 1.7.1)",
        "R.oo (>= 1.23.0)",
        "R.utils (>= 2.5.0)"
      ],
      "Suggests": [
        "Matrix",
        "SparseM"
      ]
    },
    "R.methodsS3": {
      "Package": "R.methodsS3",
      "Version": "1.8.2",
      "Source": "Repository",
      "Repository": "CRAN",
      "Depends": [
        "R (>= 2.13.0)"
      ],
      "Imports": [
        "utils"
      ],
      "Suggests": [
        "codetools"
      ]
    },
    "R.oo": {
      "Package": "R.oo",
      "Version": "1.27.1",
      "Source": "Repository",
      "Repository": "CRAN",
      "Depends": [
        "R (>= 2.13.0)",
        "R.methodsS3 (>= 1.8.2)"
      ],
      "Imports": [
        "methods",
        "utils"
      ],
      "Suggests": [
        "tools"
      ]
    },
    "R.utils": {
      "Package": "R.utils",
      "Version": "2.13.0",
      "Source": "Repository",
      "Repository": "CRAN",
      "Depends": [
        "R (>= 2.14.0)",
        "R.oo"
      ],
      "Imports": [
        "methods",
        "utils",
        "tools",
        "R.methodsS3"
      ],
      "Suggests": [
        "datasets",
        "digest (>= 0.6.10)"
      ]
    },
    "R6": {
      "Package": "R6",
      "Version": "2.6.1",
      "Source": "Repository",
      "Repository": "CRAN",
      "Depends": [
        "R (>= 3.6)"
      ],
      "Suggests": [
        "lobstr",
        "testthat (>= 3.0.0)"
      ]
    },
    "RColorBrewer": {
      "Package": "RColorBrewer",
      "Version": "1.1-3",
      "Source": "Repository",
      "Repository": "CRAN",
      "Depends": [
        "R (>= 2.0.0)"
      ]
    },
    "REdaS": {
      "Package": "REdaS",
      "Version": "0.9.4",
      "Source": "Repository",
      "Repository": "CRAN",
      "Depends": [
        "R (>= 3.0.0)",
        "grid"
      ],
      "Imports": [
        "stats"
      ],
      "Suggests": [
        "car",
        "cluster",
        "foreign",
        "GPArotation",
        "MASS",
        "mclust",
        "psych",
        "UsingR",
        "vcd"
      ]
    },
    "ROCR": {
      "Package": "ROCR",
      "Version": "1.0-12",
      "Source": "Repository",
      "Repository": "CRAN",
      "Depends": [
        "R (>= 3.6)"
      ],
      "Imports": [
        "methods",
        "graphics",
        "grDevices",
        "gplots",
        "stats"
      ],
      "Suggests": [
        "testthat",
        "knitr",
        "rmarkdown"
      ]
    },
    "Rcpp": {
      "Package": "Rcpp",
      "Version": "1.1.2",
      "Source": "Repository",
      "Repository": "CRAN",
      "Depends": [
        "R (>= 3.5.0)"
      ],
      "Imports": [
        "methods",
        "utils"
      ],
      "Suggests": [
        "tinytest",
        "inline",
        "rbenchmark",
        "pkgKitten (>= 0.1.2)"
      ]
    },
    "S7": {
      "Package": "S7",
      "Version": "0.2.2",
      "Source": "Repository",
      "Repository": "CRAN",
      "Depends": [
        "R (>= 3.5.0)"
      ],
      "Imports": [
        "utils"
      ],
      "Suggests": [
        "bench",
        "callr",
        "covr",
        "knitr",
        "methods",
        "rmarkdown",
        "testthat (>= 3.2.0)",
        "tibble"
      ]
    },
    "WDI": {
      "Package": "WDI",
      "Version": "2.7.10",
      "Source": "Repository",
      "Repository": "CRAN",
      "Depends": [
        "R (>= 3.5.0)"
      ],
      "Imports": [
        "jsonlite"
      ],
      "Suggests": [
        "altdoc",
        "curl",
        "testthat",
        "tidyr (>= 0.8.0)"
      ]
    },
    "abind": {
      "Package": "abind",
      "Version": "1.4-8",
      "Source": "Repository",
      "Repository": "CRAN",
      "Depends": [
        "R (>= 1.5.0)"
      ],
      "Imports": [
        "methods",
        "utils"
      ]
    },
    "askpass": {
      "Package": "askpass",
      "Version": "1.2.1",
      "Source": "Repository",
      "Repository": "CRAN",
      "Imports": [
        "sys (>= 2.1)"
      ],
      "Suggests": [
        "testthat"
      ]
    },
    "bit": {
      "Package": "bit",
      "Version": "4.6.0",
      "Source": "Repository",
      "Repository": "CRAN",
      "Depends": [
        "R (>= 3.4.0)"
      ],
      "Suggests": [
        "testthat (>= 3.0.0)",
        "roxygen2",
        "knitr",
        "markdown",
        "rmarkdown",
        "microbenchmark",
        "bit64 (>= 4.0.0)",
        "ff (>= 4.0.0)"
      ]
    },
    "bit64": {
      "Package": "bit64",
      "Version": "4.8.2",
      "Source": "Repository",
      "Repository": "CRAN",
      "Depends": [
        "R (>= 3.5.0)"
      ],
      "Imports": [
        "bit (>= 4.0.0)",
        "graphics",
        "methods",
        "stats",
        "utils"
      ],
      "Suggests": [
        "patrick (>= 0.3.0)",
        "testthat (>= 3.3.0)",
        "withr"
      ]
    },
    "bitops": {
      "Package": "bitops",
      "Version": "1.1-0",
      "Source": "Repository",
      "Repository": "CRAN"
    },
    "brio": {
      "Package": "brio",
      "Version": "1.1.5",
      "Source": "Repository",
      "Repository": "CRAN",
      "Depends": [
        "R (>= 3.6)"
      ],
      "Suggests": [
        "covr",
        "testthat (>= 3.0.0)"
      ]
    },
    "caTools": {
      "Package": "caTools",
      "Version": "1.18.4",
      "Source": "Repository",
      "Repository": "CRAN",
      "Depends": [
        "R (>= 3.6.0)"
      ],
      "Imports": [
        "bitops"
      ],
      "Suggests": [
        "MASS",
        "rpart"
      ]
    },
    "callr": {
      "Package": "callr",
      "Version": "3.8.0",
      "Source": "Repository",
      "Repository": "CRAN",
      "Depends": [
        "R (>= 3.4)"
      ],
      "Imports": [
        "otel (>= 0.2.0)",
        "processx (>= 3.6.1)",
        "R6",
        "utils"
      ],
      "Suggests": [
        "asciicast (>= 2.3.1)",
        "carrier",
        "cli (>= 1.1.0)",
        "otelsdk (>= 0.2.0)",
        "ps",
        "rprojroot",
        "spelling",
        "testthat (>= 3.2.0)",
        "withr (>= 2.3.0)"
      ]
    },
    "cellranger": {
      "Package": "cellranger",
      "Version": "1.1.0",
      "Source": "Repository",
      "Repository": "CRAN",
      "Depends": [
        "R (>= 3.0.0)"
      ],
      "Imports": [
        "rematch",
        "tibble"
      ],
      "Suggests": [
        "covr",
        "testthat (>= 1.0.0)",
        "knitr",
        "rmarkdown"
      ]
    },
    "cli": {
      "Package": "cli",
      "Version": "3.6.6",
      "Source": "Repository",
      "Repository": "CRAN",
      "Depends": [
        "R (>= 3.4)"
      ],
      "Imports": [
        "utils"
      ],
      "Suggests": [
        "callr",
        "covr",
        "crayon",
        "digest",
        "glue (>= 1.6.0)",
        "grDevices",
        "htmltools",
        "htmlwidgets",
        "knitr",
        "methods",
        "processx",
        "ps (>= 1.3.4.9000)",
        "rlang (>= 1.0.2.9003)",
        "rmarkdown",
        "rprojroot",
        "rstudioapi",
        "testthat (>= 3.2.0)",
        "tibble",
        "whoami",
        "withr"
      ]
    },
    "clipr": {
      "Package": "clipr",
      "Version": "0.8.1",
      "Source": "Repository",
      "Repository": "CRAN",
      "Imports": [
        "utils"
      ],
      "Suggests": [
        "covr",
        "knitr",
        "rmarkdown",
        "rstudioapi (>= 0.5)",
        "testthat (>= 2.0.0)"
      ]
    },
    "countrycode": {
      "Package": "countrycode",
      "Version": "1.8.0",
      "Source": "Repository",
      "Repository": "CRAN",
      "Depends": [
        "R (>= 2.10)"
      ],
      "Suggests": [
        "altdoc",
        "eurostat",
        "testthat",
        "tibble",
        "ISOcodes",
        "utf8"
      ]
    },
    "cpp11": {
      "Package": "cpp11",
      "Version": "0.5.5",
      "Source": "Repository",
      "Repository": "CRAN",
      "Depends": [
        "R (>= 4.0.0)"
      ],
      "Suggests": [
        "bench",
        "brio",
        "callr",
        "cli",
        "covr",
        "decor",
        "desc",
        "ggplot2",
        "glue",
        "knitr",
        "lobstr",
        "mockery",
        "progress",
        "rmarkdown",
        "scales",
        "Rcpp",
        "testthat (>= 3.2.0)",
        "tibble",
        "utils",
        "vctrs",
        "withr"
      ]
    },
    "crayon": {
      "Package": "crayon",
      "Version": "1.5.3",
      "Source": "Repository",
      "Repository": "CRAN",
      "Imports": [
        "grDevices",
        "methods",
        "utils"
      ],
      "Suggests": [
        "mockery",
        "rstudioapi",
        "testthat",
        "withr"
      ]
    },
    "curl": {
      "Package": "curl",
      "Version": "7.1.0",
      "Source": "Repository",
      "Repository": "CRAN",
      "Depends": [
        "R (>= 3.0.0)"
      ],
      "Suggests": [
        "spelling",
        "testthat (>= 1.0.0)",
        "knitr",
        "jsonlite",
        "later",
        "rmarkdown",
        "httpuv (>= 1.4.4)",
        "webutils"
      ]
    },
    "desc": {
      "Package": "desc",
      "Version": "1.4.3",
      "Source": "Repository",
      "Repository": "CRAN",
      "Depends": [
        "R (>= 3.4)"
      ],
      "Imports": [
        "cli",
        "R6",
        "utils"
      ],
      "Suggests": [
        "callr",
        "covr",
        "gh",
        "spelling",
        "testthat",
        "whoami",
        "withr"
      ]
    },
    "diffobj": {
      "Package": "diffobj",
      "Version": "0.3.8",
      "Source": "Repository",
      "Repository": "CRAN",
      "Depends": [
        "R (>= 4.1.0)"
      ],
      "Imports": [
        "crayon (>= 1.3.2)",
        "tools",
        "methods",
        "utils",
        "stats"
      ],
      "Suggests": [
        "knitr",
        "rmarkdown"
      ]
    },
    "dplyr": {
      "Package": "dplyr",
      "Version": "1.2.1",
      "Source": "Repository",
      "Repository": "CRAN",
      "Depends": [
        "R (>= 4.1.0)"
      ],
      "Imports": [
        "cli (>= 3.6.2)",
        "generics",
        "glue (>= 1.3.2)",
        "lifecycle (>= 1.0.5)",
        "magrittr (>= 1.5)",
        "methods",
        "pillar (>= 1.9.0)",
        "R6",
        "rlang (>= 1.1.7)",
        "tibble (>= 3.2.0)",
        "tidyselect (>= 1.2.0)",
        "utils",
        "vctrs (>= 0.7.1)"
      ],
      "Suggests": [
        "broom",
        "covr",
        "DBI",
        "dbplyr (>= 2.2.1)",
        "ggplot2",
        "knitr",
        "Lahman",
        "lobstr",
        "nycflights13",
        "purrr",
        "rmarkdown",
        "RSQLite",
        "stringi (>= 1.7.6)",
        "testthat (>= 3.1.5)",
        "tidyr (>= 1.3.0)",
        "withr"
      ]
    },
    "evaluate": {
      "Package": "evaluate",
      "Version": "1.0.5",
      "Source": "Repository",
      "Repository": "CRAN",
      "Depends": [
        "R (>= 3.6.0)"
      ],
      "Suggests": [
        "callr",
        "covr",
        "ggplot2 (>= 3.3.6)",
        "lattice",
        "methods",
        "pkgload",
        "ragg (>= 1.4.0)",
        "rlang (>= 1.1.5)",
        "knitr",
        "testthat (>= 3.0.0)",
        "withr"
      ]
    },
    "farver": {
      "Package": "farver",
      "Version": "2.1.2",
      "Source": "Repository",
      "Repository": "CRAN",
      "Suggests": [
        "covr",
        "testthat (>= 3.0.0)"
      ]
    },
    "forcats": {
      "Package": "forcats",
      "Version": "1.0.1",
      "Source": "Repository",
      "Repository": "CRAN",
      "Depends": [
        "R (>= 4.1)"
      ],
      "Imports": [
        "cli (>= 3.4.0)",
        "glue",
        "lifecycle",
        "magrittr",
        "rlang (>= 1.0.0)",
        "tibble"
      ],
      "Suggests": [
        "covr",
        "dplyr",
        "ggplot2",
        "knitr",
        "readr",
        "rmarkdown",
        "testthat (>= 3.0.0)",
        "withr"
      ]
    },
    "fs": {
      "Package": "fs",
      "Version": "2.1.0",
      "Source": "Repository",
      "Repository": "CRAN",
      "Depends": [
        "R (>= 4.1)"
      ],
      "Imports": [
        "methods"
      ],
      "Suggests": [
        "covr",
        "crayon",
        "knitr",
        "pillar (>= 1.0.0)",
        "rmarkdown",
        "spelling",
        "testthat (>= 3.0.0)",
        "tibble (>= 1.1.0)",
        "vctrs (>= 0.3.0)",
        "withr"
      ]
    },
    "fst": {
      "Package": "fst",
      "Version": "0.9.8",
      "Source": "Repository",
      "Repository": "CRAN",
      "Depends": [
        "R (>= 3.0.0)"
      ],
      "Imports": [
        "fstcore",
        "Rcpp"
      ],
      "LinkingTo": [
        "Rcpp",
        "fstcore"
      ],
      "Suggests": [
        "testthat",
        "bit64",
        "data.table",
        "lintr",
        "nanotime",
        "crayon"
      ]
    },
    "fstcore": {
      "Package": "fstcore",
      "Version": "0.10.0",
      "Source": "Repository",
      "Repository": "CRAN",
      "Depends": [
        "R (>= 3.0.0)"
      ],
      "Imports": [
        "Rcpp"
      ],
      "LinkingTo": [
        "Rcpp"
      ],
      "Suggests": [
        "testthat",
        "lintr"
      ]
    },
    "generics": {
      "Package": "generics",
      "Version": "0.1.4",
      "Source": "Repository",
      "Repository": "CRAN",
      "Depends": [
        "R (>= 3.6)"
      ],
      "Imports": [
        "methods"
      ],
      "Suggests": [
        "covr",
        "pkgload",
        "testthat (>= 3.0.0)",
        "tibble",
        "withr"
      ]
    },
    "ggplot2": {
      "Package": "ggplot2",
      "Version": "4.0.3",
      "Source": "Repository",
      "Repository": "CRAN",
      "Depends": [
        "R (>= 4.1)"
      ],
      "Imports": [
        "cli",
        "grDevices",
        "grid",
        "gtable (>= 0.3.6)",
        "isoband",
        "lifecycle (> 1.0.1)",
        "rlang (>= 1.1.0)",
        "S7",
        "scales (>= 1.4.0)",
        "stats",
        "vctrs (>= 0.6.0)",
        "withr (>= 2.5.0)"
      ],
      "Suggests": [
        "broom",
        "covr",
        "dplyr",
        "ggplot2movies",
        "hexbin",
        "Hmisc",
        "hms",
        "knitr",
        "mapproj",
        "maps",
        "MASS",
        "mgcv",
        "multcomp",
        "munsell",
        "nlme",
        "profvis",
        "quantreg",
        "quarto",
        "ragg (>= 1.2.6)",
        "RColorBrewer",
        "roxygen2",
        "rpart",
        "sf (>= 0.7-3)",
        "svglite (>= 2.1.2)",
        "testthat (>= 3.1.5)",
        "tibble",
        "vdiffr (>= 1.0.6)",
        "xml2"
      ],
      "Enhances": [
        "sp"
      ]
    },
    "ggthemes": {
      "Package": "ggthemes",
      "Version": "5.2.0",
      "Source": "Repository",
      "Repository": "CRAN",
      "Depends": [
        "R (>= 3.3.0)"
      ],
      "Imports": [
        "ggplot2 (>= 3.0.0)",
        "graphics",
        "grid",
        "lifecycle",
        "methods",
        "purrr",
        "scales",
        "stringr",
        "tibble"
      ],
      "Suggests": [
        "dplyr",
        "covr",
        "extrafont",
        "glue",
        "knitr",
        "lattice",
        "lintr",
        "maps",
        "mapproj",
        "pander",
        "quantreg",
        "rlang",
        "rmarkdown",
        "spelling",
        "testthat (>= 3.2.0)",
        "tidyr",
        "vdiffr",
        "withr"
      ]
    },
    "glue": {
      "Package": "glue",
      "Version": "1.8.1",
      "Source": "Repository",
      "Repository": "CRAN",
      "Depends": [
        "R (>= 4.1)"
      ],
      "Imports": [
        "methods"
      ],
      "Suggests": [
        "crayon",
        "DBI (>= 1.2.0)",
        "dplyr",
        "knitr",
        "rlang",
        "rmarkdown",
        "RSQLite",
        "testthat (>= 3.2.0)",
        "vctrs (>= 0.3.0)",
        "waldo (>= 0.5.3)",
        "withr"
      ]
    },
    "gplots": {
      "Package": "gplots",
      "Version": "3.3.0",
      "Source": "Repository",
      "Repository": "CRAN",
      "Depends": [
        "R (>= 3.0)"
      ],
      "Imports": [
        "gtools",
        "stats",
        "caTools",
        "KernSmooth",
        "methods"
      ],
      "Suggests": [
        "grid",
        "MASS",
        "knitr",
        "rmarkdown",
        "r2d2",
        "nlme",
        "dendextend",
        "heatmaply",
        "RColorBrewer"
      ]
    },
    "gtable": {
      "Package": "gtable",
      "Version": "0.3.6",
      "Source": "Repository",
      "Repository": "CRAN",
      "Depends": [
        "R (>= 4.0)"
      ],
      "Imports": [
        "cli",
        "glue",
        "grid",
        "lifecycle",
        "rlang (>= 1.1.0)",
        "stats"
      ],
      "Suggests": [
        "covr",
        "ggplot2",
        "knitr",
        "profvis",
        "rmarkdown",
        "testthat (>= 3.0.0)"
      ]
    },
    "gtools": {
      "Package": "gtools",
      "Version": "3.9.5",
      "Source": "Repository",
      "Repository": "CRAN",
      "Depends": [
        "methods",
        "stats",
        "utils"
      ],
      "Suggests": [
        "car",
        "gplots",
        "knitr",
        "rstudioapi",
        "SGP",
        "taxize"
      ]
    },
    "hms": {
      "Package": "hms",
      "Version": "1.1.4",
      "Source": "Repository",
      "Repository": "CRAN",
      "Imports": [
        "cli",
        "lifecycle",
        "methods",
        "pkgconfig",
        "rlang (>= 1.0.2)",
        "vctrs (>= 0.3.8)"
      ],
      "Suggests": [
        "crayon",
        "lubridate",
        "pillar (>= 1.1.0)",
        "testthat (>= 3.0.0)"
      ]
    },
    "hrbrthemes": {
      "Package": "hrbrthemes",
      "Version": "0.9.3",
      "Source": "Repository",
      "Repository": "CRAN",
      "Depends": [
        "R (>= 4.0.0)"
      ],
      "Imports": [
        "ggplot2 (>= 3.5.2)",
        "grDevices",
        "grid",
        "scales",
        "tools",
        "magrittr",
        "utils"
      ],
      "Suggests": [
        "testthat",
        "dplyr",
        "gridExtra",
        "hunspell",
        "stringi",
        "gcookbook",
        "clipr",
        "vdiffr",
        "svglite"
      ]
    },
    "httr": {
      "Package": "httr",
      "Version": "1.4.8",
      "Source": "Repository",
      "Repository": "CRAN",
      "Depends": [
        "R (>= 3.6)"
      ],
      "Imports": [
        "curl (>= 5.1.0)",
        "jsonlite",
        "mime",
        "openssl (>= 0.8)",
        "R6"
      ],
      "Suggests": [
        "covr",
        "httpuv",
        "jpeg",
        "knitr",
        "png",
        "readr",
        "rmarkdown",
        "testthat (>= 0.8.0)",
        "xml2"
      ]
    },
    "isoband": {
      "Package": "isoband",
      "Version": "0.3.0",
      "Source": "Repository",
      "Repository": "CRAN",
      "Imports": [
        "cli",
        "grid",
        "rlang",
        "utils"
      ],
      "LinkingTo": [
        "cpp11"
      ],
      "Suggests": [
        "covr",
        "ggplot2",
        "knitr",
        "magick",
        "bench",
        "rmarkdown",
        "sf",
        "testthat (>= 3.0.0)",
        "xml2"
      ]
    },
    "jsonlite": {
      "Package": "jsonlite",
      "Version": "2.0.0",
      "Source": "Repository",
      "Repository": "CRAN",
      "Depends": [
        "methods"
      ],
      "Suggests": [
        "httr",
        "vctrs",
        "testthat",
        "knitr",
        "rmarkdown",
        "R.rsp",
        "sf"
      ]
    },
    "labeling": {
      "Package": "labeling",
      "Version": "0.4.3",
      "Source": "Repository",
      "Repository": "CRAN",
      "Imports": [
        "stats",
        "graphics"
      ]
    },
    "lattice": {
      "Package": "lattice",
      "Version": "0.22-9",
      "Source": "Repository",
      "Depends": [
        "R (>= 4.0.0)"
      ],
      "Imports": [
        "grid",
        "grDevices",
        "graphics",
        "stats",
        "utils"
      ],
      "Suggests": [
        "KernSmooth",
        "MASS",
        "latticeExtra",
        "colorspace"
      ],
      "Enhances": [
        "chron",
        "zoo"
      ],
      "Repository": "CRAN"
    },
    "lifecycle": {
      "Package": "lifecycle",
      "Version": "1.0.5",
      "Source": "Repository",
      "Repository": "CRAN",
      "Depends": [
        "R (>= 3.6)"
      ],
      "Imports": [
        "cli (>= 3.4.0)",
        "rlang (>= 1.1.0)"
      ],
      "Suggests": [
        "covr",
        "knitr",
        "lintr (>= 3.1.0)",
        "rmarkdown",
        "testthat (>= 3.0.1)",
        "tibble",
        "tidyverse",
        "tools",
        "vctrs",
        "withr",
        "xml2"
      ]
    },
    "lubridate": {
      "Package": "lubridate",
      "Version": "1.9.5",
      "Source": "Repository",
      "Repository": "CRAN",
      "Depends": [
        "methods",
        "R (>= 3.2)"
      ],
      "Imports": [
        "generics",
        "timechange (>= 0.4.0)"
      ],
      "Suggests": [
        "covr",
        "knitr",
        "rmarkdown",
        "testthat (>= 2.1.0)",
        "vctrs (>= 0.6.5)"
      ],
      "Enhances": [
        "chron",
        "data.table",
        "timeDate",
        "tis",
        "zoo"
      ]
    },
    "magrittr": {
      "Package": "magrittr",
      "Version": "2.0.5",
      "Source": "Repository",
      "Repository": "CRAN",
      "Depends": [
        "R (>= 3.4.0)"
      ],
      "Suggests": [
        "covr",
        "knitr",
        "rlang",
        "rmarkdown",
        "testthat"
      ]
    },
    "mime": {
      "Package": "mime",
      "Version": "0.13",
      "Source": "Repository",
      "Repository": "CRAN",
      "Imports": [
        "tools"
      ]
    },
    "minty": {
      "Package": "minty",
      "Version": "0.0.6",
      "Source": "Repository",
      "Repository": "CRAN",
      "Depends": [
        "R (>= 4.0)"
      ],
      "Imports": [
        "tzdb"
      ],
      "LinkingTo": [
        "cpp11 (>= 0.5.3)",
        "tzdb (>= 0.5.0)"
      ],
      "Suggests": [
        "knitr",
        "stringi",
        "testthat",
        "withr",
        "hms",
        "readr"
      ]
    },
    "openssl": {
      "Package": "openssl",
      "Version": "2.4.2",
      "Source": "Repository",
      "Repository": "CRAN",
      "Imports": [
        "askpass"
      ],
      "Suggests": [
        "curl",
        "testthat (>= 2.1.0)",
        "digest",
        "knitr",
        "rmarkdown",
        "jsonlite",
        "jose",
        "sodium"
      ]
    },
    "otel": {
      "Package": "otel",
      "Version": "0.2.0",
      "Source": "Repository",
      "Repository": "CRAN",
      "Depends": [
        "R (>= 3.6.0)"
      ],
      "Suggests": [
        "callr",
        "cli",
        "glue",
        "jsonlite",
        "otelsdk",
        "processx",
        "shiny",
        "spelling",
        "testthat (>= 3.0.0)",
        "utils",
        "withr"
      ]
    },
    "pillar": {
      "Package": "pillar",
      "Version": "1.11.1",
      "Source": "Repository",
      "Repository": "CRAN",
      "Imports": [
        "cli (>= 2.3.0)",
        "glue",
        "lifecycle",
        "rlang (>= 1.0.2)",
        "utf8 (>= 1.1.0)",
        "utils",
        "vctrs (>= 0.5.0)"
      ],
      "Suggests": [
        "bit64",
        "DBI",
        "debugme",
        "DiagrammeR",
        "dplyr",
        "formattable",
        "ggplot2",
        "knitr",
        "lubridate",
        "nanotime",
        "nycflights13",
        "palmerpenguins",
        "rmarkdown",
        "scales",
        "stringi",
        "survival",
        "testthat (>= 3.1.1)",
        "tibble",
        "units (>= 0.7.2)",
        "vdiffr",
        "withr"
      ]
    },
    "pkgbuild": {
      "Package": "pkgbuild",
      "Version": "1.4.8",
      "Source": "Repository",
      "Repository": "CRAN",
      "Depends": [
        "R (>= 3.5)"
      ],
      "Imports": [
        "callr (>= 3.2.0)",
        "cli (>= 3.4.0)",
        "desc",
        "processx",
        "R6"
      ],
      "Suggests": [
        "covr",
        "cpp11",
        "knitr",
        "Rcpp",
        "rmarkdown",
        "testthat (>= 3.2.0)",
        "withr (>= 2.3.0)"
      ]
    },
    "pkgconfig": {
      "Package": "pkgconfig",
      "Version": "2.0.3",
      "Source": "Repository",
      "Repository": "CRAN",
      "Imports": [
        "utils"
      ],
      "Suggests": [
        "covr",
        "testthat",
        "disposables (>= 1.0.3)"
      ]
    },
    "pkgload": {
      "Package": "pkgload",
      "Version": "1.5.3",
      "Source": "Repository",
      "Repository": "CRAN",
      "Depends": [
        "R (>= 3.4.0)"
      ],
      "Imports": [
        "cli (>= 3.3.0)",
        "desc",
        "fs",
        "glue",
        "lifecycle",
        "methods",
        "pkgbuild",
        "processx",
        "rlang (>= 1.1.1)",
        "rprojroot",
        "utils"
      ],
      "Suggests": [
        "bitops",
        "jsonlite",
        "mathjaxr",
        "pak",
        "Rcpp",
        "remotes",
        "rstudioapi",
        "testthat (>= 3.2.1.1)",
        "usethis",
        "withr"
      ]
    },
    "praise": {
      "Package": "praise",
      "Version": "1.0.0",
      "Source": "Repository",
      "Repository": "CRAN",
      "Suggests": [
        "testthat"
      ]
    },
    "prettyunits": {
      "Package": "prettyunits",
      "Version": "1.2.0",
      "Source": "Repository",
      "Repository": "CRAN",
      "Depends": [
        "R(>= 2.10)"
      ],
      "Suggests": [
        "codetools",
        "covr",
        "testthat"
      ]
    },
    "processx": {
      "Package": "processx",
      "Version": "3.9.0",
      "Source": "Repository",
      "Repository": "CRAN",
      "Depends": [
        "R (>= 3.4.0)"
      ],
      "Imports": [
        "ps (>= 1.9.3)",
        "R6",
        "utils"
      ],
      "Suggests": [
        "callr (>= 3.7.3)",
        "cli (>= 3.3.0)",
        "codetools",
        "covr",
        "curl",
        "debugme",
        "parallel",
        "rlang (>= 1.0.2)",
        "testthat (>= 3.0.0)",
        "webfakes",
        "withr"
      ]
    },
    "progress": {
      "Package": "progress",
      "Version": "1.2.3",
      "Source": "Repository",
      "Repository": "CRAN",
      "Depends": [
        "R (>= 3.6)"
      ],
      "Imports": [
        "crayon",
        "hms",
        "prettyunits",
        "R6"
      ],
      "Suggests": [
        "Rcpp",
        "testthat (>= 3.0.0)",
        "withr"
      ]
    },
    "ps": {
      "Package": "ps",
      "Version": "1.9.3",
      "Source": "Repository",
      "Repository": "CRAN",
      "Depends": [
        "R (>= 3.4)"
      ],
      "Imports": [
        "utils"
      ],
      "Suggests": [
        "callr",
        "covr",
        "curl",
        "pillar",
        "pingr",
        "processx (>= 3.1.0)",
        "R6",
        "rlang",
        "testthat (>= 3.0.0)",
        "webfakes",
        "withr"
      ]
    },
    "purrr": {
      "Package": "purrr",
      "Version": "1.2.2",
      "Source": "Repository",
      "Repository": "CRAN",
      "Depends": [
        "R (>= 4.1)"
      ],
      "Imports": [
        "cli (>= 3.6.1)",
        "lifecycle (>= 1.0.3)",
        "magrittr (>= 1.5.0)",
        "rlang (>= 1.1.1)",
        "vctrs (>= 0.6.3)"
      ],
      "LinkingTo": [
        "cli"
      ],
      "Suggests": [
        "carrier (>= 0.3.0)",
        "covr",
        "dplyr (>= 0.7.8)",
        "httr",
        "knitr",
        "lubridate",
        "mirai (>= 2.5.1)",
        "rmarkdown",
        "testthat (>= 3.0.0)",
        "tibble",
        "tidyselect"
      ]
    },
    "readODS": {
      "Package": "readODS",
      "Version": "2.3.5",
      "Source": "Repository",
      "Repository": "CRAN",
      "Depends": [
        "R (>= 4.1)"
      ],
      "Imports": [
        "cellranger",
        "minty (>= 0.0.5)",
        "stringi",
        "tibble",
        "vctrs (>= 0.4.2)",
        "zip",
        "tools",
        "withr"
      ],
      "LinkingTo": [
        "cpp11 (>= 0.5.0)"
      ],
      "Suggests": [
        "spelling",
        "testthat",
        "datasets",
        "covr",
        "knitr",
        "rmarkdown",
        "readr (>= 1.2.1)"
      ]
    },
    "readr": {
      "Package": "readr",
      "Version": "2.2.0",
      "Source": "Repository",
      "Repository": "CRAN",
      "Depends": [
        "R (>= 4.1)"
      ],
      "Imports": [
        "cli",
        "clipr",
        "crayon",
        "glue",
        "hms (>= 0.4.1)",
        "lifecycle",
        "methods",
        "R6",
        "rlang",
        "tibble",
        "utils",
        "vroom (>= 1.7.0)",
        "withr"
      ],
      "LinkingTo": [
        "cpp11",
        "tzdb (>= 0.1.1)"
      ],
      "Suggests": [
        "covr",
        "curl",
        "datasets",
        "knitr",
        "rmarkdown",
        "spelling",
        "stringi",
        "testthat (>= 3.2.0)",
        "tzdb (>= 0.1.1)",
        "waldo",
        "xml2"
      ]
    },
    "readxl": {
      "Package": "readxl",
      "Version": "1.5.0",
      "Source": "Repository",
      "Repository": "CRAN",
      "Depends": [
        "R (>= 4.1)"
      ],
      "Imports": [
        "cellranger",
        "tibble (>= 2.0.1)",
        "utils"
      ],
      "LinkingTo": [
        "cpp11 (>= 0.5.5)",
        "progress"
      ],
      "Suggests": [
        "covr",
        "knitr",
        "rmarkdown",
        "testthat (>= 3.1.6)",
        "withr"
      ]
    },
    "rematch": {
      "Package": "rematch",
      "Version": "2.0.0",
      "Source": "Repository",
      "Repository": "CRAN",
      "Suggests": [
        "covr",
        "testthat"
      ]
    },
    "renv": {
      "Package": "renv",
      "Version": "1.2.4",
      "Source": "Repository",
      "Repository": "CRAN",
      "Imports": [
        "utils"
      ],
      "Suggests": [
        "BiocManager",
        "cli",
        "compiler",
        "covr",
        "cpp11",
        "curl",
        "devtools",
        "generics",
        "gitcreds",
        "jsonlite",
        "jsonvalidate",
        "knitr",
        "miniUI",
        "modules",
        "packrat",
        "pak",
        "R6",
        "remotes",
        "reticulate",
        "rmarkdown",
        "rstudioapi",
        "shiny",
        "testthat",
        "uuid",
        "waldo",
        "yaml",
        "webfakes"
      ]
    },
    "rlang": {
      "Package": "rlang",
      "Version": "1.3.0",
      "Source": "Repository",
      "Repository": "CRAN",
      "Depends": [
        "R (>= 4.0.0)"
      ],
      "Imports": [
        "utils"
      ],
      "Suggests": [
        "cli (>= 3.1.0)",
        "covr",
        "crayon",
        "desc",
        "fs",
        "glue",
        "knitr",
        "magrittr",
        "methods",
        "pillar",
        "pkgload",
        "rmarkdown",
        "stats",
        "testthat (>= 3.3.2)",
        "tibble",
        "usethis",
        "vctrs (>= 0.2.3)",
        "withr"
      ],
      "Enhances": [
        "winch"
      ]
    },
    "rprojroot": {
      "Package": "rprojroot",
      "Version": "2.1.1",
      "Source": "Repository",
      "Repository": "CRAN",
      "Depends": [
        "R (>= 3.0.0)"
      ],
      "Suggests": [
        "covr",
        "knitr",
        "lifecycle",
        "rlang",
        "rmarkdown",
        "testthat (>= 3.2.0)",
        "withr"
      ]
    },
    "rvest": {
      "Package": "rvest",
      "Version": "1.0.5",
      "Source": "Repository",
      "Repository": "CRAN",
      "Depends": [
        "R (>= 4.1)"
      ],
      "Imports": [
        "cli",
        "glue",
        "httr (>= 0.5)",
        "lifecycle (>= 1.0.3)",
        "magrittr",
        "rlang (>= 1.1.0)",
        "selectr",
        "tibble",
        "xml2 (>= 1.4.0)"
      ],
      "Suggests": [
        "chromote",
        "covr",
        "knitr",
        "purrr",
        "R6",
        "readr",
        "repurrrsive",
        "rmarkdown",
        "spelling",
        "stringi (>= 0.3.1)",
        "testthat (>= 3.0.2)",
        "tidyr",
        "webfakes"
      ]
    },
    "scales": {
      "Package": "scales",
      "Version": "1.4.0",
      "Source": "Repository",
      "Repository": "CRAN",
      "Depends": [
        "R (>= 4.1)"
      ],
      "Imports": [
        "cli",
        "farver (>= 2.0.3)",
        "glue",
        "labeling",
        "lifecycle",
        "R6",
        "RColorBrewer",
        "rlang (>= 1.1.0)",
        "viridisLite"
      ],
      "Suggests": [
        "bit64",
        "covr",
        "dichromat",
        "ggplot2",
        "hms (>= 0.5.0)",
        "stringi",
        "testthat (>= 3.0.0)"
      ]
    },
    "selectr": {
      "Package": "selectr",
      "Version": "0.6-0",
      "Source": "Repository",
      "Repository": "CRAN",
      "Depends": [
        "R (>= 3.3)"
      ],
      "Imports": [
        "R6"
      ],
      "Suggests": [
        "testthat",
        "XML",
        "xml2"
      ]
    },
    "stringi": {
      "Package": "stringi",
      "Version": "1.8.9",
      "Source": "Repository",
      "Repository": "CRAN",
      "Depends": [
        "R (>= 3.4)"
      ],
      "Imports": [
        "tools",
        "utils",
        "stats"
      ]
    },
    "stringr": {
      "Package": "stringr",
      "Version": "1.6.0",
      "Source": "Repository",
      "Repository": "CRAN",
      "Depends": [
        "R (>= 4.1.0)"
      ],
      "Imports": [
        "cli",
        "glue (>= 1.6.1)",
        "lifecycle (>= 1.0.3)",
        "magrittr",
        "rlang (>= 1.0.0)",
        "stringi (>= 1.5.3)",
        "vctrs (>= 0.4.0)"
      ],
      "Suggests": [
        "covr",
        "dplyr",
        "gt",
        "htmltools",
        "htmlwidgets",
        "knitr",
        "rmarkdown",
        "testthat (>= 3.0.0)",
        "tibble"
      ]
    },
    "sys": {
      "Package": "sys",
      "Version": "3.4.3",
      "Source": "Repository",
      "Repository": "CRAN",
      "Suggests": [
        "unix (>= 1.4)",
        "spelling",
        "testthat"
      ]
    },
    "testthat": {
      "Package": "testthat",
      "Version": "3.3.2",
      "Source": "Repository",
      "Repository": "CRAN",
      "Depends": [
        "R (>= 4.1.0)"
      ],
      "Imports": [
        "brio (>= 1.1.5)",
        "callr (>= 3.7.6)",
        "cli (>= 3.6.5)",
        "desc (>= 1.4.3)",
        "evaluate (>= 1.0.4)",
        "jsonlite (>= 2.0.0)",
        "lifecycle (>= 1.0.4)",
        "magrittr (>= 2.0.3)",
        "methods",
        "pkgload (>= 1.4.0)",
        "praise (>= 1.0.0)",
        "processx (>= 3.8.6)",
        "ps (>= 1.9.1)",
        "R6 (>= 2.6.1)",
        "rlang (>= 1.1.6)",
        "utils",
        "waldo (>= 0.6.2)",
        "withr (>= 3.0.2)"
      ],
      "Suggests": [
        "covr",
        "curl (>= 0.9.5)",
        "diffviewer (>= 0.1.0)",
        "digest (>= 0.6.33)",
        "gh",
        "knitr",
        "otel",
        "otelsdk",
        "rmarkdown",
        "rstudioapi",
        "S7",
        "shiny",
        "usethis",
        "vctrs (>= 0.1.0)",
        "xml2"
      ]
    },
    "tibble": {
      "Package": "tibble",
      "Version": "3.3.1",
      "Source": "Repository",
      "Repository": "CRAN",
      "Depends": [
        "R (>= 3.4.0)"
      ],
      "Imports": [
        "cli",
        "lifecycle (>= 1.0.0)",
        "magrittr",
        "methods",
        "pillar (>= 1.8.1)",
        "pkgconfig",
        "rlang (>= 1.0.2)",
        "utils",
        "vctrs (>= 0.5.0)"
      ],
      "Suggests": [
        "bench",
        "bit64",
        "blob",
        "brio",
        "callr",
        "DiagrammeR",
        "dplyr",
        "evaluate",
        "formattable",
        "ggplot2",
        "here",
        "hms",
        "htmltools",
        "knitr",
        "lubridate",
        "nycflights13",
        "pkgload",
        "purrr",
        "rmarkdown",
        "stringi",
        "testthat (>= 3.0.2)",
        "tidyr",
        "withr"
      ]
    },
    "tidyr": {
      "Package": "tidyr",
      "Version": "1.3.2",
      "Source": "Repository",
      "Repository": "CRAN",
      "Depends": [
        "R (>= 4.1.0)"
      ],
      "Imports": [
        "cli (>= 3.4.1)",
        "dplyr (>= 1.1.0)",
        "glue",
        "lifecycle (>= 1.0.3)",
        "magrittr",
        "purrr (>= 1.0.1)",
        "rlang (>= 1.1.1)",
        "stringr (>= 1.5.0)",
        "tibble (>= 2.1.1)",
        "tidyselect (>= 1.2.1)",
        "utils",
        "vctrs (>= 0.5.2)"
      ],
      "LinkingTo": [
        "cpp11 (>= 0.4.0)"
      ],
      "Suggests": [
        "covr",
        "data.table",
        "knitr",
        "readr",
        "repurrrsive (>= 1.1.0)",
        "rmarkdown",
        "testthat (>= 3.0.0)"
      ]
    },
    "tidyselect": {
      "Package": "tidyselect",
      "Version": "1.2.1",
      "Source": "Repository",
      "Repository": "CRAN",
      "Depends": [
        "R (>= 3.4)"
      ],
      "Imports": [
        "cli (>= 3.3.0)",
        "glue (>= 1.3.0)",
        "lifecycle (>= 1.0.3)",
        "rlang (>= 1.0.4)",
        "vctrs (>= 0.5.2)",
        "withr"
      ],
      "Suggests": [
        "covr",
        "crayon",
        "dplyr",
        "knitr",
        "magrittr",
        "rmarkdown",
        "stringr",
        "testthat (>= 3.1.1)",
        "tibble (>= 2.1.3)"
      ]
    },
    "timechange": {
      "Package": "timechange",
      "Version": "0.4.0",
      "Source": "Repository",
      "Repository": "CRAN",
      "Depends": [
        "R (>= 3.3)"
      ],
      "LinkingTo": [
        "cpp11 (>= 0.2.7)"
      ],
      "Suggests": [
        "testthat (>= 0.7.1.99)",
        "knitr"
      ]
    },
    "tzdb": {
      "Package": "tzdb",
      "Version": "0.5.0",
      "Source": "Repository",
      "Repository": "CRAN",
      "Depends": [
        "R (>= 4.0.0)"
      ],
      "LinkingTo": [
        "cpp11 (>= 0.5.2)"
      ],
      "Suggests": [
        "covr",
        "testthat (>= 3.0.0)"
      ]
    },
    "utf8": {
      "Package": "utf8",
      "Version": "1.2.6",
      "Source": "Repository",
      "Repository": "CRAN",
      "Depends": [
        "R (>= 2.10)"
      ],
      "Suggests": [
        "cli",
        "covr",
        "knitr",
        "rlang",
        "rmarkdown",
        "testthat (>= 3.0.0)",
        "withr"
      ]
    },
    "vctrs": {
      "Package": "vctrs",
      "Version": "0.7.3",
      "Source": "Repository",
      "Repository": "CRAN",
      "Depends": [
        "R (>= 4.0.0)"
      ],
      "Imports": [
        "cli (>= 3.4.0)",
        "glue",
        "lifecycle (>= 1.0.3)",
        "rlang (>= 1.1.7)"
      ],
      "Suggests": [
        "bit64",
        "covr",
        "crayon",
        "dplyr (>= 0.8.5)",
        "generics",
        "knitr",
        "pillar (>= 1.4.4)",
        "pkgdown (>= 2.0.1)",
        "rmarkdown",
        "testthat (>= 3.0.0)",
        "tibble (>= 3.1.3)",
        "waldo (>= 0.2.0)",
        "withr",
        "xml2",
        "zeallot"
      ]
    },
    "viridisLite": {
      "Package": "viridisLite",
      "Version": "0.4.3",
      "Source": "Repository",
      "Repository": "CRAN",
      "Depends": [
        "R (>= 2.10)"
      ],
      "Suggests": [
        "hexbin (>= 1.27.0)",
        "ggplot2 (>= 1.0.1)",
        "testthat",
        "covr"
      ]
    },
    "vroom": {
      "Package": "vroom",
      "Version": "1.7.1",
      "Source": "Repository",
      "Repository": "CRAN",
      "Depends": [
        "R (>= 4.1)"
      ],
      "Imports": [
        "bit64",
        "cli (>= 3.2.0)",
        "crayon",
        "glue",
        "hms",
        "lifecycle (>= 1.0.3)",
        "methods",
        "rlang (>= 1.1.0)",
        "stats",
        "tibble (>= 2.0.0)",
        "tidyselect",
        "tzdb (>= 0.1.1)",
        "vctrs (>= 0.2.0)",
        "withr"
      ],
      "LinkingTo": [
        "cpp11 (>= 0.2.0)",
        "progress (>= 1.2.3)",
        "tzdb (>= 0.1.1)"
      ],
      "Suggests": [
        "archive",
        "bench (>= 1.1.0)",
        "covr",
        "curl",
        "dplyr",
        "forcats",
        "fs",
        "ggplot2",
        "knitr",
        "patchwork",
        "prettyunits",
        "purrr",
        "rmarkdown",
        "rstudioapi",
        "scales",
        "spelling",
        "testthat (>= 2.1.0)",
        "tidyr",
        "utils",
        "waldo",
        "xml2"
      ]
    },
    "waldo": {
      "Package": "waldo",
      "Version": "0.6.2",
      "Source": "Repository",
      "Repository": "CRAN",
      "Depends": [
        "R (>= 4.0)"
      ],
      "Imports": [
        "cli",
        "diffobj (>= 0.3.4)",
        "glue",
        "methods",
        "rlang (>= 1.1.0)"
      ],
      "Suggests": [
        "bit64",
        "R6",
        "S7",
        "testthat (>= 3.0.0)",
        "withr",
        "xml2"
      ]
    },
    "withr": {
      "Package": "withr",
      "Version": "3.0.3",
      "Source": "Repository",
      "Repository": "CRAN",
      "Depends": [
        "R (>= 3.6.0)"
      ],
      "Imports": [
        "graphics",
        "grDevices"
      ],
      "Suggests": [
        "callr",
        "DBI",
        "knitr",
        "methods",
        "rlang",
        "rmarkdown (>= 2.12)",
        "RSQLite",
        "testthat (>= 3.0.0)"
      ]
    },
    "xml2": {
      "Package": "xml2",
      "Version": "1.6.0",
      "Source": "Repository",
      "Repository": "CRAN",
      "Depends": [
        "R (>= 3.6.0)"
      ],
      "Imports": [
        "cli",
        "methods",
        "rlang (>= 1.1.0)"
      ],
      "Suggests": [
        "covr",
        "curl",
        "httr",
        "knitr",
        "mockery",
        "rmarkdown",
        "testthat (>= 3.2.0)",
        "xslt"
      ]
    },
    "zip": {
      "Package": "zip",
      "Version": "3.0.2",
      "Source": "Repository",
      "Repository": "CRAN",
      "LinkingTo": [
        "cli"
      ],
      "Suggests": [
        "callr",
        "cli",
        "curl",
        "pillar",
        "processx",
        "R6",
        "testthat",
        "webfakes",
        "withr"
      ]
    }
  }
}
